
Microsoft Visual Studio Solution File, Format Version 11.00
# Visual Studio 2010
Project("{FAE04EC0-301F-11D3-BF4B-00C04F79EFBC}") = "Avalon", "Avalon\Avalon.csproj", "{25904F87-E6F8-4DA3-92F6-045C447B9476}"
EndProject
Project("{FAE04EC0-301F-11D3-BF4B-00C04F79EFBC}") = "Avalon.PortScan", "Avalon.PortScan\Avalon.PortScan.csproj", "{955B5CB9-DBAF-4472-9FFC-67CCE830B67D}"
EndProject
Project("{FAE04EC0-301F-11D3-BF4B-00C04F79EFBC}") = "Avalon.Common", "Avalon.Common\Avalon.Common.csproj", "{0DE67F60-B51E-4DB6-BF83-1B32EBB05324}"
EndProject
Project("{FAE04EC0-301F-11D3-BF4B-00C04F79EFBC}") = "Avalon.Tests", "Avalon.Tests\Avalon.Tests.csproj", "{CFC9D465-3ABD-485A-9110-9CA37694E342}"
EndProject
Global
	GlobalSection(SolutionConfigurationPlatforms) = preSolution
		Debug|Any CPU = Debug|Any CPU
		Debug|Mixed Platforms = Debug|Mixed Platforms
		Debug|Win32 = Debug|Win32
		Debug|x86 = Debug|x86
		Release|Any CPU = Release|Any CPU
		Release|Mixed Platforms = Release|Mixed Platforms
		Release|Win32 = Release|Win32
		Release|x86 = Release|x86
	EndGlobalSection
	GlobalSection(ProjectConfigurationPlatforms) = postSolution
		{25904F87-E6F8-4DA3-92F6-045C447B9476}.Debug|Any CPU.ActiveCfg = Debug|x86
		{25904F87-E6F8-4DA3-92F6-045C447B9476}.Debug|Mixed Platforms.ActiveCfg = Debug|x86
		{25904F87-E6F8-4DA3-92F6-045C447B9476}.Debug|Mixed Platforms.Build.0 = Debug|x86
		{25904F87-E6F8-4DA3-92F6-045C447B9476}.Debug|Win32.ActiveCfg = Debug|x86
		{25904F87-E6F8-4DA3-92F6-045C447B9476}.Debug|x86.ActiveCfg = Debug|x86
		{25904F87-E6F8-4DA3-92F6-045C447B9476}.Debug|x86.Build.0 = Debug|x86
		{25904F87-E6F8-4DA3-92F6-045C447B9476}.Release|Any CPU.ActiveCfg = Release|x86
		{25904F87-E6F8-4DA3-92F6-045C447B9476}.Release|Mixed Platforms.ActiveCfg = Release|x86
		{25904F87-E6F8-4DA3-92F6-045C447B9476}.Release|Mixed Platforms.Build.0 = Release|x86
		{25904F87-E6F8-4DA3-92F6-045C447B9476}.Release|Win32.ActiveCfg = Release|x86
		{25904F87-E6F8-4DA3-92F6-045C447B9476}.Release|x86.ActiveCfg = Release|x86
		{25904F87-E6F8-4DA3-92F6-045C447B9476}.Release|x86.Build.0 = Release|x86
		{955B5CB9-DBAF-4472-9FFC-67CCE830B67D}.Debug|Any CPU.ActiveCfg = Debug|Any CPU
		{955B5CB9-DBAF-4472-9FFC-67CCE830B67D}.Debug|Any CPU.Build.0 = Debug|Any CPU
		{955B5CB9-DBAF-4472-9FFC-67CCE830B67D}.Debug|Mixed Platforms.ActiveCfg = Debug|Any CPU
		{955B5CB9-DBAF-4472-9FFC-67CCE830B67D}.Debug|Mixed Platforms.Build.0 = Debug|Any CPU
		{955B5CB9-DBAF-4472-9FFC-67CCE830B67D}.Debug|Win32.ActiveCfg = Debug|Any CPU
		{955B5CB9-DBAF-4472-9FFC-67CCE830B67D}.Debug|x86.ActiveCfg = Debug|Any CPU
		{955B5CB9-DBAF-4472-9FFC-67CCE830B67D}.Release|Any CPU.ActiveCfg = Release|Any CPU
		{955B5CB9-DBAF-4472-9FFC-67CCE830B67D}.Release|Any CPU.Build.0 = Release|Any CPU
		{955B5CB9-DBAF-4472-9FFC-67CCE830B67D}.Release|Mixed Platforms.ActiveCfg = Release|Any CPU
		{955B5CB9-DBAF-4472-9FFC-67CCE830B67D}.Release|Mixed Platforms.Build.0 = Release|Any CPU
		{955B5CB9-DBAF-4472-9FFC-67CCE830B67D}.Release|Win32.ActiveCfg = Release|Any CPU
		{955B5CB9-DBAF-4472-9FFC-67CCE830B67D}.Release|x86.ActiveCfg = Release|Any CPU
		{0DE67F60-B51E-4DB6-BF83-1B32EBB05324}.Debug|Any CPU.ActiveCfg = Debug|Any CPU
		{0DE67F60-B51E-4DB6-BF83-1B32EBB05324}.Debug|Any CPU.Build.0 = Debug|Any CPU
		{0DE67F60-B51E-4DB6-BF83-1B32EBB05324}.Debug|Mixed Platforms.ActiveCfg = Debug|Any CPU
		{0DE67F60-B51E-4DB6-BF83-1B32EBB05324}.Debug|Mixed Platforms.Build.0 = Debug|Any CPU
		{0DE67F60-B51E-4DB6-BF83-1B32EBB05324}.Debug|Win32.ActiveCfg = Debug|Any CPU
		{0DE67F60-B51E-4DB6-BF83-1B32EBB05324}.Debug|x86.ActiveCfg = Debug|Any CPU
		{0DE67F60-B51E-4DB6-BF83-1B32EBB05324}.Release|Any CPU.ActiveCfg = Release|Any CPU
		{0DE67F60-B51E-4DB6-BF83-1B32EBB05324}.Release|Any CPU.Build.0 = Release|Any CPU
		{0DE67F60-B51E-4DB6-BF83-1B32EBB05324}.Release|Mixed Platforms.ActiveCfg = Release|Any CPU
		{0DE67F60-B51E-4DB6-BF83-1B32EBB05324}.Release|Mixed Platforms.Build.0 = Release|Any CPU
		{0DE67F60-B51E-4DB6-BF83-1B32EBB05324}.Release|Win32.ActiveCfg = Release|Any CPU
		{0DE67F60-B51E-4DB6-BF83-1B32EBB05324}.Release|x86.ActiveCfg = Release|Any CPU
		{CFC9D465-3ABD-485A-9110-9CA37694E342}.Debug|Any CPU.ActiveCfg = Debug|Any CPU
		{CFC9D465-3ABD-485A-9110-9CA37694E342}.Debug|Any CPU.Build.0 = Debug|Any CPU
		{CFC9D465-3ABD-485A-9110-9CA37694E342}.Debug|Mixed Platforms.ActiveCfg = Debug|Any CPU
		{CFC9D465-3ABD-485A-9110-9CA37694E342}.Debug|Mixed Platforms.Build.0 = Debug|Any CPU
		{CFC9D465-3ABD-485A-9110-9CA37694E342}.Debug|Win32.ActiveCfg = Debug|Any CPU
		{CFC9D465-3ABD-485A-9110-9CA37694E342}.Debug|x86.ActiveCfg = Debug|Any CPU
		{CFC9D465-3ABD-485A-9110-9CA37694E342}.Release|Any CPU.ActiveCfg = Release|Any CPU
		{CFC9D465-3ABD-485A-9110-9CA37694E342}.Release|Any CPU.Build.0 = Release|Any CPU
		{CFC9D465-3ABD-485A-9110-9CA37694E342}.Release|Mixed Platforms.ActiveCfg = Release|Any CPU
		{CFC9D465-3ABD-485A-9110-9CA37694E342}.Release|Mixed Platforms.Build.0 = Release|Any CPU
		{CFC9D465-3ABD-485A-9110-9CA37694E342}.Release|Win32.ActiveCfg = Release|Any CPU
		{CFC9D465-3ABD-485A-9110-9CA37694E342}.Release|x86.ActiveCfg = Release|Any CPU
	EndGlobalSection
	GlobalSection(SolutionProperties) = preSolution
		HideSolutionNode = FALSE
	EndGlobalSection
EndGlobal
